
Microsoft Visual Studio Solution File, Format Version 12.00
# Visual Studio Version 16
VisualStudioVersion = 16.0.31515.178
MinimumVisualStudioVersion = 10.0.40219.1
Project("{8BC9CEB8-8B4A-11D0-8D11-00A0C91BC942}") = "Ex03.03", "Ex03.03\Ex03.03.vcxproj", "{0C9FC6A0-048C-4B2E-8E4F-A454EA97CB14}"
EndProject
Project("{8BC9CEB8-8B4A-11D0-8D11-00A0C91BC942}") = "Ex03.04", "Ex03.04\Ex03.04.vcxproj", "{9ABB96EA-FA49-4F73-8786-A62FAE6F7466}"
EndProject
Project("{8BC9CEB8-8B4A-11D0-8D11-00A0C91BC942}") = "Ex03.05", "Ex03.05\Ex03.05.vcxproj", "{7DF5729C-9D78-4AE6-ACE4-2CE16004058A}"
EndProject
Project("{8BC9CEB8-8B4A-11D0-8D11-00A0C91BC942}") = "Ex03.06", "Ex03.06\Ex03.06.vcxproj", "{F01387EC-C5A9-4E97-A844-E658A5F80E30}"
EndProject
Global
	GlobalSection(SolutionConfigurationPlatforms) = preSolution
		Debug|x64 = Debug|x64
		Debug|x86 = Debug|x86
		Release|x64 = Release|x64
		Release|x86 = Release|x86
	EndGlobalSection
	GlobalSection(ProjectConfigurationPlatforms) = postSolution
		{0C9FC6A0-048C-4B2E-8E4F-A454EA97CB14}.Debug|x64.ActiveCfg = Debug|x64
		{0C9FC6A0-048C-4B2E-8E4F-A454EA97CB14}.Debug|x64.Build.0 = Debug|x64
		{0C9FC6A0-048C-4B2E-8E4F-A454EA97CB14}.Debug|x86.ActiveCfg = Debug|Win32
		{0C9FC6A0-048C-4B2E-8E4F-A454EA97CB14}.Debug|x86.Build.0 = Debug|Win32
		{0C9FC6A0-048C-4B2E-8E4F-A454EA97CB14}.Release|x64.ActiveCfg = Release|x64
		{0C9FC6A0-048C-4B2E-8E4F-A454EA97CB14}.Release|x64.Build.0 = Release|x64
		{0C9FC6A0-048C-4B2E-8E4F-A454EA97CB14}.Release|x86.ActiveCfg = Release|Win32
		{0C9FC6A0-048C-4B2E-8E4F-A454EA97CB14}.Release|x86.Build.0 = Release|Win32
		{9ABB96EA-FA49-4F73-8786-A62FAE6F7466}.Debug|x64.ActiveCfg = Debug|x64
		{9ABB96EA-FA49-4F73-8786-A62FAE6F7466}.Debug|x64.Build.0 = Debug|x64
		{9ABB96EA-FA49-4F73-8786-A62FAE6F7466}.Debug|x86.ActiveCfg = Debug|Win32
		{9ABB96EA-FA49-4F73-8786-A62FAE6F7466}.Debug|x86.Build.0 = Debug|Win32
		{9ABB96EA-FA49-4F73-8786-A62FAE6F7466}.Release|x64.ActiveCfg = Release|x64
		{9ABB96EA-FA49-4F73-8786-A62FAE6F7466}.Release|x64.Build.0 = Release|x64
		{9ABB96EA-FA49-4F73-8786-A62FAE6F7466}.Release|x86.ActiveCfg = Release|Win32
		{9ABB96EA-FA49-4F73-8786-A62FAE6F7466}.Release|x86.Build.0 = Release|Win32
		{7DF5729C-9D78-4AE6-ACE4-2CE16004058A}.Debug|x64.ActiveCfg = Debug|x64
		{7DF5729C-9D78-4AE6-ACE4-2CE16004058A}.Debug|x64.Build.0 = Debug|x64
		{7DF5729C-9D78-4AE6-ACE4-2CE16004058A}.Debug|x86.ActiveCfg = Debug|Win32
		{7DF5729C-9D78-4AE6-ACE4-2CE16004058A}.Debug|x86.Build.0 = Debug|Win32
		{7DF5729C-9D78-4AE6-ACE4-2CE16004058A}.Release|x64.ActiveCfg = Release|x64
		{7DF5729C-9D78-4AE6-ACE4-2CE16004058A}.Release|x64.Build.0 = Release|x64
		{7DF5729C-9D78-4AE6-ACE4-2CE16004058A}.Release|x86.ActiveCfg = Release|Win32
		{7DF5729C-9D78-4AE6-ACE4-2CE16004058A}.Release|x86.Build.0 = Release|Win32
		{F01387EC-C5A9-4E97-A844-E658A5F80E30}.Debug|x64.ActiveCfg = Debug|x64
		{F01387EC-C5A9-4E97-A844-E658A5F80E30}.Debug|x64.Build.0 = Debug|x64
		{F01387EC-C5A9-4E97-A844-E658A5F80E30}.Debug|x86.ActiveCfg = Debug|Win32
		{F01387EC-C5A9-4E97-A844-E658A5F80E30}.Debug|x86.Build.0 = Debug|Win32
		{F01387EC-C5A9-4E97-A844-E658A5F80E30}.Release|x64.ActiveCfg = Release|x64
		{F01387EC-C5A9-4E97-A844-E658A5F80E30}.Release|x64.Build.0 = Release|x64
		{F01387EC-C5A9-4E97-A844-E658A5F80E30}.Release|x86.ActiveCfg = Release|Win32
		{F01387EC-C5A9-4E97-A844-E658A5F80E30}.Release|x86.Build.0 = Release|Win32
	EndGlobalSection
	GlobalSection(SolutionProperties) = preSolution
		HideSolutionNode = FALSE
	EndGlobalSection
	GlobalSection(ExtensibilityGlobals) = postSolution
		SolutionGuid = {2B2FE792-1760-42AC-99CF-5FEB7299BA0F}
	EndGlobalSection
EndGlobal
